{
  "nodes": {
    "cctools": {
      "inputs": {
        "flakever": [
          "flakever"
        ],
        "nixpkgs": [
          "nixpkgs"
        ],
        "treefmt-nix": [
          "treefmt-nix"
        ],
        "xnu": "xnu"
      },
      "locked": {
        "lastModified": 1790002393,
        "narHash": "sha256-1BTMNBbmjOTK9pK6nA/EfsLXaqeIfAaq4VTJXmyI/tc=",
        "owner": "ProjectCalamari",
        "repo": "cctools",
        "rev": "6e92b40a71a2bfa141681281c89691e4c09de621",
        "type": "github"
      },
      "original": {
        "owner": "ProjectCalamari",
        "repo": "cctools",
        "type": "github"
      }
    },
    "dtrace": {
      "inputs": {
        "flakever": [
          "flakever"
        ],
        "nixpkgs": [
          "nixpkgs"
        ],
        "treefmt-nix": [
          "treefmt-nix"
        ],
        "xnu": "xnu_2"
      },
      "locked": {
        "lastModified": 1789963510,
        "narHash": "sha256-JCGNZaWz5+AvY5z4OniiHkwikRopCuYIaHzA90vLfpI=",
        "owner": "ProjectCalamari",
        "repo": "dtrace",
        "rev": "5c63559fe88b2bce3a263ff3cf1a8b21601d03dd",
        "type": "github"
      },
      "original": {
        "owner": "ProjectCalamari",
        "repo": "dtrace",
        "type": "github"
      }
    },
    "flakever": {
      "locked": {
        "lastModified": 1763450705,
        "narHash": "sha256-TUSrRfT76OAXty9A4fXlOOfVfJGDglFQs06b8b+f5NY=",
        "owner": "numinit",
        "repo": "flakever",
        "rev": "a69629e4133fbcdf3c7aae477bd6687bb19e0778",
        "type": "github"
      },
      "original": {
        "owner": "numinit",
        "repo": "flakever",
        "type": "github"
      }
    },
    "llvm": {
      "flake": false,
      "locked": {
        "lastModified": 1789969133,
        "narHash": "sha256-zhBN8ul3nNhnnId3CjDp1kY///XJgXIt0OGLiUa+hxk=",
        "owner": "ProjectCalamari",
        "repo": "llvm-project",
        "rev": "cbec4f8b03675cbee802ad994b182689d6673331",
        "type": "github"
      },
      "original": {
        "owner": "ProjectCalamari",
        "ref": "calamari/lld-macho-static-layout",
        "repo": "llvm-project",
        "type": "github"
      }
    },
    "nixpkgs": {
      "locked": {
        "lastModified": 1789952541,
        "narHash": "sha256-nfFv1AvCAY2wcT22w5IHfxjl+DH+pd0hfN3+085VNyA=",
        "owner": "NixOS",
        "repo": "nixpkgs",
        "rev": "5c5a02c7416078a09086be7a957ee8b5d3234607",
        "type": "github"
      },
      "original": {
        "owner": "NixOS",
        "repo": "nixpkgs",
        "type": "github"
      }
    },
    "root": {
      "inputs": {
        "cctools": "cctools",
        "dtrace": "dtrace",
        "flakever": "flakever",
        "llvm": "llvm",
        "nixpkgs": "nixpkgs",
        "treefmt-nix": "treefmt-nix"
      }
    },
    "treefmt-nix": {
      "inputs": {
        "nixpkgs": [
          "nixpkgs"
        ]
      },
      "locked": {
        "lastModified": 1786901030,
        "narHash": "sha256-WSFCsDSE5ffgD2MqzkM2CYjeFiKhRF/dJUN8uedb6YE=",
        "owner": "numtide",
        "repo": "treefmt-nix",
        "rev": "27b3b12a8e6375f28ebe122f07d230ca5459bbfa",
        "type": "github"
      },
      "original": {
        "owner": "numtide",
        "repo": "treefmt-nix",
        "type": "github"
      }
    },
    "xnu": {
      "flake": false,
      "locked": {
        "lastModified": 1760654190,
        "narHash": "sha256-Cuf7kPtsn4CPXqyZmxVsJlA5i+Ikryp8ezJyGrvT63c=",
        "owner": "ProjectCalamari",
        "repo": "xnu",
        "rev": "f6217f891ac0bb64f3d375211650a4c1ff8ca1ea",
        "type": "github"
      },
      "original": {
        "owner": "ProjectCalamari",
        "repo": "xnu",
        "type": "github"
      }
    },
    "xnu_2": {
      "flake": false,
      "locked": {
        "lastModified": 1760654190,
        "narHash": "sha256-Cuf7kPtsn4CPXqyZmxVsJlA5i+Ikryp8ezJyGrvT63c=",
        "owner": "ProjectCalamari",
        "repo": "xnu",
        "rev": "f6217f891ac0bb64f3d375211650a4c1ff8ca1ea",
        "type": "github"
      },
      "original": {
        "owner": "ProjectCalamari",
        "repo": "xnu",
        "type": "github"
      }
    }
  },
  "root": "root",
  "version": 7
}
